
Microsoft Visual Studio Solution File, Format Version 12.00
# Visual Studio Version 17
VisualStudioVersion = 17.12.35527.113
MinimumVisualStudioVersion = 10.0.40219.1
Project("{2150E333-8FDC-42A3-9474-1A3956D46DE8}") = "docs", "docs", "{9DE38C7B-DF13-4A8D-8ACE-A53FEBA6EB9F}"
	ProjectSection(SolutionItems) = preProject
		docs\collections-cheatsheet.md = docs\collections-cheatsheet.md
		docs\console-formatting.md = docs\console-formatting.md
		constructors-cheatsheet.md = constructors-cheatsheet.md
		test-cheatsheet.md = test-cheatsheet.md
	EndProjectSection
EndProject
Project("{2150E333-8FDC-42A3-9474-1A3956D46DE8}") = "src", "src", "{55C6C0DF-39D3-4A8A-B82A-90DA3E600432}"
EndProject
Project("{2150E333-8FDC-42A3-9474-1A3956D46DE8}") = "test", "test", "{E146A8FD-1986-4C5A-BBA6-13CEF951C8FE}"
EndProject
Project("{FAE04EC0-301F-11D3-BF4B-00C04F79EFBC}") = "TestDome.Tests", "test\TestDome.Tests\TestDome.Tests.csproj", "{8906933B-83D2-49F6-B69F-A90B35DB2AD3}"
EndProject
Project("{FAE04EC0-301F-11D3-BF4B-00C04F79EFBC}") = "TestDome.Console", "src\TestDome.Console\TestDome.Console.csproj", "{8501F883-B58D-49EE-B107-155B035AD9FF}"
EndProject
Project("{FAE04EC0-301F-11D3-BF4B-00C04F79EFBC}") = "TestDome.Library", "src\TestDome.Library\TestDome.Library.csproj", "{564B8449-9388-4F10-90A2-D89C40950996}"
EndProject
Project("{2150E333-8FDC-42A3-9474-1A3956D46DE8}") = "Exercises", "Exercises", "{7E64DE87-0612-41E2-A495-9EEAC741D773}"
	ProjectSection(SolutionItems) = preProject
		docs\Exercises\Account.md = docs\Exercises\Account.md
		docs\Exercises\AccountTest.md = docs\Exercises\AccountTest.md
		docs\Exercises\AirportNetworks.md = docs\Exercises\AirportNetworks.md
		docs\Exercises\AppSettings.md = docs\Exercises\AppSettings.md
		AlertService.md = AlertService.md
		docs\Exercises\AutomatedForklift.md = docs\Exercises\AutomatedForklift.md
		docs\Exercises\AutomatedWarehouse.md = docs\Exercises\AutomatedWarehouse.md
		docs\Exercises\Bicycle.md = docs\Exercises\Bicycle.md
		docs\Exercises\BoatMovements.md = docs\Exercises\BoatMovements.md
		docs\Exercises\BookSale.md = docs\Exercises\BookSale.md
		docs\Exercises\CacheCasting.md = docs\Exercises\CacheCasting.md
		docs\Exercises\Candies.md = docs\Exercises\Candies.md
		docs\Exercises\CarRental.md = docs\Exercises\CarRental.md
		docs\Exercises\ChainLink.md = docs\Exercises\ChainLink.md
		docs\Exercises\ChemicalMachine.md = docs\Exercises\ChemicalMachine.md
		docs\Exercises\ChineseBox.md = docs\Exercises\ChineseBox.md
		docs\Exercises\ChristmasLights.md = docs\Exercises\ChristmasLights.md
		docs\Exercises\CircuitSimulator.md = docs\Exercises\CircuitSimulator.md
		docs\Exercises\CollectionsDemo.md = docs\Exercises\CollectionsDemo.md
		docs\Exercises\ConstructionGame.md = docs\Exercises\ConstructionGame.md
		docs\Exercises\DigitalFlasks.md = docs\Exercises\DigitalFlasks.md
		docs\Exercises\DisposableWrapper.md = docs\Exercises\DisposableWrapper.md
		docs\Exercises\DocumentCounter.md = docs\Exercises\DocumentCounter.md
		docs\Exercises\DocumentStore.md = docs\Exercises\DocumentStore.md
		docs\Exercises\DriverExam.md = docs\Exercises\DriverExam.md
		docs\Exercises\EmployeeSheet.md = docs\Exercises\EmployeeSheet.md
		docs\Exercises\EyeOfTheStorm.md = docs\Exercises\EyeOfTheStorm.md
		docs\Exercises\FireDragon.md = docs\Exercises\FireDragon.md
		docs\Exercises\FlightConnections.md = docs\Exercises\FlightConnections.md
		docs\Exercises\FlimsyBridge.md = docs\Exercises\FlimsyBridge.md
		docs\Exercises\Folders.md = docs\Exercises\Folders.md
		docs\Exercises\FraudDetection.md = docs\Exercises\FraudDetection.md
		docs\Exercises\Hobbies.md = docs\Exercises\Hobbies.md
		docs\Exercises\IngredientTuple.md = docs\Exercises\IngredientTuple.md
		docs\Exercises\InternalNodes.md = docs\Exercises\InternalNodes.md
		docs\Exercises\KilometerConverter.md = docs\Exercises\KilometerConverter.md
		docs\Exercises\LanguageTeacher.md = docs\Exercises\LanguageTeacher.md
		docs\Exercises\LogPatch.md = docs\Exercises\LogPatch.md
		docs\Exercises\LogStreamWriter.md = docs\Exercises\LogStreamWriter.md
		docs\Exercises\MathExpression.md = docs\Exercises\MathExpression.md
		docs\Exercises\MaxSum.md = docs\Exercises\MaxSum.md
		docs\Exercises\MegaStore.md = docs\Exercises\MegaStore.md
		docs\Exercises\Node.md = docs\Exercises\Node.md
		docs\Exercises\NullableEmployee.md = docs\Exercises\NullableEmployee.md
		docs\Exercises\PaperStrip.md = docs\Exercises\PaperStrip.md
		docs\Exercises\Paragraph.md = docs\Exercises\Paragraph.md
		docs\Exercises\PatientClass.md = docs\Exercises\PatientClass.md
		docs\Exercises\PatientRecords.md = docs\Exercises\PatientRecords.md
		docs\Exercises\PlanetSearch.md = docs\Exercises\PlanetSearch.md
		docs\Exercises\Platformer.md = docs\Exercises\Platformer.md
		docs\Exercises\Prefix.md = docs\Exercises\Prefix.md
		docs\Exercises\ProductRefactoring.md = docs\Exercises\ProductRefactoring.md
		docs\Exercises\Racer.md = docs\Exercises\Racer.md
		docs\Exercises\ReadFirstLine.md = docs\Exercises\ReadFirstLine.md
		docs\Exercises\ReadWriteExecute.md = docs\Exercises\ReadWriteExecute.md
		docs\Exercises\ReportTransformation.md = docs\Exercises\ReportTransformation.md
		docs\Exercises\SeasonalTourism.md = docs\Exercises\SeasonalTourism.md
		docs\Exercises\ShelfTest.md = docs\Exercises\ShelfTest.md
		docs\Exercises\ShiningStar.md = docs\Exercises\ShiningStar.md
		docs\Exercises\Shipping.md = docs\Exercises\Shipping.md
		docs\Exercises\Snapshot.md = docs\Exercises\Snapshot.md
		docs\Exercises\Song.md = docs\Exercises\Song.md
		docs\Exercises\SortedSearch.md = docs\Exercises\SortedSearch.md
		docs\Exercises\StackToList.md = docs\Exercises\StackToList.md
		docs\Exercises\StringOccurrence.md = docs\Exercises\StringOccurrence.md
		docs\Exercises\TrainTracks.md = docs\Exercises\TrainTracks.md
		docs\Exercises\UniqueNumbers.md = docs\Exercises\UniqueNumbers.md
		docs\Exercises\UniqueProduct.md = docs\Exercises\UniqueProduct.md
		docs\Exercises\UserInput.md = docs\Exercises\UserInput.md
		docs\Exercises\Username.md = docs\Exercises\Username.md
		docs\Exercises\ValidateAge.md = docs\Exercises\ValidateAge.md
		docs\Exercises\WarehouseProducts.md = docs\Exercises\WarehouseProducts.md
		docs\Exercises\WeatherStation.md = docs\Exercises\WeatherStation.md
		docs\Exercises\WeightedAverage.md = docs\Exercises\WeightedAverage.md
		docs\Exercises\WheelDefects.md = docs\Exercises\WheelDefects.md
		docs\Exercises\XMLNavigation.md = docs\Exercises\XMLNavigation.md
	EndProjectSection
EndProject
Global
	GlobalSection(SolutionConfigurationPlatforms) = preSolution
		Debug|Any CPU = Debug|Any CPU
		Release|Any CPU = Release|Any CPU
	EndGlobalSection
	GlobalSection(ProjectConfigurationPlatforms) = postSolution
		{8906933B-83D2-49F6-B69F-A90B35DB2AD3}.Debug|Any CPU.ActiveCfg = Debug|Any CPU
		{8906933B-83D2-49F6-B69F-A90B35DB2AD3}.Debug|Any CPU.Build.0 = Debug|Any CPU
		{8906933B-83D2-49F6-B69F-A90B35DB2AD3}.Release|Any CPU.ActiveCfg = Release|Any CPU
		{8906933B-83D2-49F6-B69F-A90B35DB2AD3}.Release|Any CPU.Build.0 = Release|Any CPU
		{8501F883-B58D-49EE-B107-155B035AD9FF}.Debug|Any CPU.ActiveCfg = Debug|Any CPU
		{8501F883-B58D-49EE-B107-155B035AD9FF}.Debug|Any CPU.Build.0 = Debug|Any CPU
		{8501F883-B58D-49EE-B107-155B035AD9FF}.Release|Any CPU.ActiveCfg = Release|Any CPU
		{8501F883-B58D-49EE-B107-155B035AD9FF}.Release|Any CPU.Build.0 = Release|Any CPU
		{564B8449-9388-4F10-90A2-D89C40950996}.Debug|Any CPU.ActiveCfg = Debug|Any CPU
		{564B8449-9388-4F10-90A2-D89C40950996}.Debug|Any CPU.Build.0 = Debug|Any CPU
		{564B8449-9388-4F10-90A2-D89C40950996}.Release|Any CPU.ActiveCfg = Release|Any CPU
		{564B8449-9388-4F10-90A2-D89C40950996}.Release|Any CPU.Build.0 = Release|Any CPU
	EndGlobalSection
	GlobalSection(SolutionProperties) = preSolution
		HideSolutionNode = FALSE
	EndGlobalSection
	GlobalSection(NestedProjects) = preSolution
		{8906933B-83D2-49F6-B69F-A90B35DB2AD3} = {E146A8FD-1986-4C5A-BBA6-13CEF951C8FE}
		{8501F883-B58D-49EE-B107-155B035AD9FF} = {55C6C0DF-39D3-4A8A-B82A-90DA3E600432}
		{564B8449-9388-4F10-90A2-D89C40950996} = {55C6C0DF-39D3-4A8A-B82A-90DA3E600432}
		{7E64DE87-0612-41E2-A495-9EEAC741D773} = {9DE38C7B-DF13-4A8D-8ACE-A53FEBA6EB9F}
	EndGlobalSection
EndGlobal
